
Microsoft Visual Studio Solution File, Format Version 12.00
# Visual Studio 15
VisualStudioVersion = 15.0.26730.10
MinimumVisualStudioVersion = 10.0.40219.1
Project("{8BC9CEB8-8B4A-11D0-8D11-00A0C91BC942}") = "CLRS", "CLRS\CLRS.vcxproj", "{A7AB9802-9C62-45A5-A32B-59CA8BE65D2E}"
EndProject
Project("{8BC9CEB8-8B4A-11D0-8D11-00A0C91BC942}") = "EuroEfficiency", "EuroEfficiency\EuroEfficiency.vcxproj", "{DF504C90-E3AC-41CF-BAFF-73064FE68D73}"
EndProject
Project("{8BC9CEB8-8B4A-11D0-8D11-00A0C91BC942}") = "NotSoMobile", "NotSoMobile\NotSoMobile.vcxproj", "{7B7A18F0-404F-47CA-971C-6456216B9EB9}"
EndProject
Project("{8BC9CEB8-8B4A-11D0-8D11-00A0C91BC942}") = "ToTheMax", "ToTheMax\ToTheMax.vcxproj", "{5C4AAE4D-ED8C-47A1-A6BF-2B99617AF767}"
EndProject
Project("{8BC9CEB8-8B4A-11D0-8D11-00A0C91BC942}") = "IllusiveChase", "IllusiveChase\IllusiveChase.vcxproj", "{5D5D174A-EEB8-449E-8E31-44585C28C4F9}"
EndProject
Project("{8BC9CEB8-8B4A-11D0-8D11-00A0C91BC942}") = "BitonicSort", "BitonicSort\BitonicSort.vcxproj", "{4B8377E4-0584-42CD-99F3-8B71FBBEF588}"
EndProject
Project("{8BC9CEB8-8B4A-11D0-8D11-00A0C91BC942}") = "BinaryTree", "BinaryTree\BinaryTree.vcxproj", "{88C3C182-316C-44D9-AB44-4B39C907C4D6}"
EndProject
Project("{8BC9CEB8-8B4A-11D0-8D11-00A0C91BC942}") = "TimeComplexity", "TimeComplexity\TimeComplexity.vcxproj", "{615546CF-5878-4302-BE23-48760B0AA5AB}"
EndProject
Global
	GlobalSection(SolutionConfigurationPlatforms) = preSolution
		Debug|x64 = Debug|x64
		Debug|x86 = Debug|x86
		Release|x64 = Release|x64
		Release|x86 = Release|x86
	EndGlobalSection
	GlobalSection(ProjectConfigurationPlatforms) = postSolution
		{A7AB9802-9C62-45A5-A32B-59CA8BE65D2E}.Debug|x64.ActiveCfg = Debug|x64
		{A7AB9802-9C62-45A5-A32B-59CA8BE65D2E}.Debug|x64.Build.0 = Debug|x64
		{A7AB9802-9C62-45A5-A32B-59CA8BE65D2E}.Debug|x86.ActiveCfg = Debug|Win32
		{A7AB9802-9C62-45A5-A32B-59CA8BE65D2E}.Debug|x86.Build.0 = Debug|Win32
		{A7AB9802-9C62-45A5-A32B-59CA8BE65D2E}.Release|x64.ActiveCfg = Release|x64
		{A7AB9802-9C62-45A5-A32B-59CA8BE65D2E}.Release|x64.Build.0 = Release|x64
		{A7AB9802-9C62-45A5-A32B-59CA8BE65D2E}.Release|x86.ActiveCfg = Release|Win32
		{A7AB9802-9C62-45A5-A32B-59CA8BE65D2E}.Release|x86.Build.0 = Release|Win32
		{DF504C90-E3AC-41CF-BAFF-73064FE68D73}.Debug|x64.ActiveCfg = Debug|x64
		{DF504C90-E3AC-41CF-BAFF-73064FE68D73}.Debug|x64.Build.0 = Debug|x64
		{DF504C90-E3AC-41CF-BAFF-73064FE68D73}.Debug|x86.ActiveCfg = Debug|Win32
		{DF504C90-E3AC-41CF-BAFF-73064FE68D73}.Debug|x86.Build.0 = Debug|Win32
		{DF504C90-E3AC-41CF-BAFF-73064FE68D73}.Release|x64.ActiveCfg = Release|x64
		{DF504C90-E3AC-41CF-BAFF-73064FE68D73}.Release|x64.Build.0 = Release|x64
		{DF504C90-E3AC-41CF-BAFF-73064FE68D73}.Release|x86.ActiveCfg = Release|Win32
		{DF504C90-E3AC-41CF-BAFF-73064FE68D73}.Release|x86.Build.0 = Release|Win32
		{7B7A18F0-404F-47CA-971C-6456216B9EB9}.Debug|x64.ActiveCfg = Debug|x64
		{7B7A18F0-404F-47CA-971C-6456216B9EB9}.Debug|x64.Build.0 = Debug|x64
		{7B7A18F0-404F-47CA-971C-6456216B9EB9}.Debug|x86.ActiveCfg = Debug|Win32
		{7B7A18F0-404F-47CA-971C-6456216B9EB9}.Debug|x86.Build.0 = Debug|Win32
		{7B7A18F0-404F-47CA-971C-6456216B9EB9}.Release|x64.ActiveCfg = Release|x64
		{7B7A18F0-404F-47CA-971C-6456216B9EB9}.Release|x64.Build.0 = Release|x64
		{7B7A18F0-404F-47CA-971C-6456216B9EB9}.Release|x86.ActiveCfg = Release|Win32
		{7B7A18F0-404F-47CA-971C-6456216B9EB9}.Release|x86.Build.0 = Release|Win32
		{5C4AAE4D-ED8C-47A1-A6BF-2B99617AF767}.Debug|x64.ActiveCfg = Debug|x64
		{5C4AAE4D-ED8C-47A1-A6BF-2B99617AF767}.Debug|x64.Build.0 = Debug|x64
		{5C4AAE4D-ED8C-47A1-A6BF-2B99617AF767}.Debug|x86.ActiveCfg = Debug|Win32
		{5C4AAE4D-ED8C-47A1-A6BF-2B99617AF767}.Debug|x86.Build.0 = Debug|Win32
		{5C4AAE4D-ED8C-47A1-A6BF-2B99617AF767}.Release|x64.ActiveCfg = Release|x64
		{5C4AAE4D-ED8C-47A1-A6BF-2B99617AF767}.Release|x64.Build.0 = Release|x64
		{5C4AAE4D-ED8C-47A1-A6BF-2B99617AF767}.Release|x86.ActiveCfg = Release|Win32
		{5C4AAE4D-ED8C-47A1-A6BF-2B99617AF767}.Release|x86.Build.0 = Release|Win32
		{5D5D174A-EEB8-449E-8E31-44585C28C4F9}.Debug|x64.ActiveCfg = Debug|x64
		{5D5D174A-EEB8-449E-8E31-44585C28C4F9}.Debug|x64.Build.0 = Debug|x64
		{5D5D174A-EEB8-449E-8E31-44585C28C4F9}.Debug|x86.ActiveCfg = Debug|Win32
		{5D5D174A-EEB8-449E-8E31-44585C28C4F9}.Debug|x86.Build.0 = Debug|Win32
		{5D5D174A-EEB8-449E-8E31-44585C28C4F9}.Release|x64.ActiveCfg = Release|x64
		{5D5D174A-EEB8-449E-8E31-44585C28C4F9}.Release|x64.Build.0 = Release|x64
		{5D5D174A-EEB8-449E-8E31-44585C28C4F9}.Release|x86.ActiveCfg = Release|Win32
		{5D5D174A-EEB8-449E-8E31-44585C28C4F9}.Release|x86.Build.0 = Release|Win32
		{4B8377E4-0584-42CD-99F3-8B71FBBEF588}.Debug|x64.ActiveCfg = Debug|x64
		{4B8377E4-0584-42CD-99F3-8B71FBBEF588}.Debug|x64.Build.0 = Debug|x64
		{4B8377E4-0584-42CD-99F3-8B71FBBEF588}.Debug|x86.ActiveCfg = Debug|Win32
		{4B8377E4-0584-42CD-99F3-8B71FBBEF588}.Debug|x86.Build.0 = Debug|Win32
		{4B8377E4-0584-42CD-99F3-8B71FBBEF588}.Release|x64.ActiveCfg = Release|x64
		{4B8377E4-0584-42CD-99F3-8B71FBBEF588}.Release|x64.Build.0 = Release|x64
		{4B8377E4-0584-42CD-99F3-8B71FBBEF588}.Release|x86.ActiveCfg = Release|Win32
		{4B8377E4-0584-42CD-99F3-8B71FBBEF588}.Release|x86.Build.0 = Release|Win32
		{88C3C182-316C-44D9-AB44-4B39C907C4D6}.Debug|x64.ActiveCfg = Debug|x64
		{88C3C182-316C-44D9-AB44-4B39C907C4D6}.Debug|x64.Build.0 = Debug|x64
		{88C3C182-316C-44D9-AB44-4B39C907C4D6}.Debug|x86.ActiveCfg = Debug|Win32
		{88C3C182-316C-44D9-AB44-4B39C907C4D6}.Debug|x86.Build.0 = Debug|Win32
		{88C3C182-316C-44D9-AB44-4B39C907C4D6}.Release|x64.ActiveCfg = Release|x64
		{88C3C182-316C-44D9-AB44-4B39C907C4D6}.Release|x64.Build.0 = Release|x64
		{88C3C182-316C-44D9-AB44-4B39C907C4D6}.Release|x86.ActiveCfg = Release|Win32
		{88C3C182-316C-44D9-AB44-4B39C907C4D6}.Release|x86.Build.0 = Release|Win32
		{615546CF-5878-4302-BE23-48760B0AA5AB}.Debug|x64.ActiveCfg = Debug|x64
		{615546CF-5878-4302-BE23-48760B0AA5AB}.Debug|x64.Build.0 = Debug|x64
		{615546CF-5878-4302-BE23-48760B0AA5AB}.Debug|x86.ActiveCfg = Debug|Win32
		{615546CF-5878-4302-BE23-48760B0AA5AB}.Debug|x86.Build.0 = Debug|Win32
		{615546CF-5878-4302-BE23-48760B0AA5AB}.Release|x64.ActiveCfg = Release|x64
		{615546CF-5878-4302-BE23-48760B0AA5AB}.Release|x64.Build.0 = Release|x64
		{615546CF-5878-4302-BE23-48760B0AA5AB}.Release|x86.ActiveCfg = Release|Win32
		{615546CF-5878-4302-BE23-48760B0AA5AB}.Release|x86.Build.0 = Release|Win32
	EndGlobalSection
	GlobalSection(SolutionProperties) = preSolution
		HideSolutionNode = FALSE
	EndGlobalSection
	GlobalSection(ExtensibilityGlobals) = postSolution
		SolutionGuid = {9B9BD97B-F120-4FE9-9E18-FDAD90DEE90F}
	EndGlobalSection
EndGlobal
